
Microsoft Visual Studio Solution File, Format Version 12.00
# Visual Studio Version 17
VisualStudioVersion = 17.7.34221.43
MinimumVisualStudioVersion = 10.0.40219.1
Project("{8BC9CEB8-8B4A-11D0-8D11-00A0C91BC942}") = "OOP5", "OOP5\OOP5.vcxproj", "{3F45DE4F-1060-4FC9-AEF8-4AFEE11CE705}"
EndProject
Project("{8BC9CEB8-8B4A-11D0-8D11-00A0C91BC942}") = "moneylib", "moneylib\moneylib.vcxproj", "{3E33BA07-3AAF-45A2-8789-F8DCD34E7D64}"
EndProject
Global
	GlobalSection(SolutionConfigurationPlatforms) = preSolution
		Debug|x64 = Debug|x64
		Debug|x86 = Debug|x86
		Release|x64 = Release|x64
		Release|x86 = Release|x86
	EndGlobalSection
	GlobalSection(ProjectConfigurationPlatforms) = postSolution
		{3F45DE4F-1060-4FC9-AEF8-4AFEE11CE705}.Debug|x64.ActiveCfg = Debug|x64
		{3F45DE4F-1060-4FC9-AEF8-4AFEE11CE705}.Debug|x64.Build.0 = Debug|x64
		{3F45DE4F-1060-4FC9-AEF8-4AFEE11CE705}.Debug|x86.ActiveCfg = Debug|Win32
		{3F45DE4F-1060-4FC9-AEF8-4AFEE11CE705}.Debug|x86.Build.0 = Debug|Win32
		{3F45DE4F-1060-4FC9-AEF8-4AFEE11CE705}.Release|x64.ActiveCfg = Release|x64
		{3F45DE4F-1060-4FC9-AEF8-4AFEE11CE705}.Release|x64.Build.0 = Release|x64
		{3F45DE4F-1060-4FC9-AEF8-4AFEE11CE705}.Release|x86.ActiveCfg = Release|Win32
		{3F45DE4F-1060-4FC9-AEF8-4AFEE11CE705}.Release|x86.Build.0 = Release|Win32
		{3E33BA07-3AAF-45A2-8789-F8DCD34E7D64}.Debug|x64.ActiveCfg = Debug|x64
		{3E33BA07-3AAF-45A2-8789-F8DCD34E7D64}.Debug|x64.Build.0 = Debug|x64
		{3E33BA07-3AAF-45A2-8789-F8DCD34E7D64}.Debug|x86.ActiveCfg = Debug|Win32
		{3E33BA07-3AAF-45A2-8789-F8DCD34E7D64}.Debug|x86.Build.0 = Debug|Win32
		{3E33BA07-3AAF-45A2-8789-F8DCD34E7D64}.Release|x64.ActiveCfg = Release|x64
		{3E33BA07-3AAF-45A2-8789-F8DCD34E7D64}.Release|x64.Build.0 = Release|x64
		{3E33BA07-3AAF-45A2-8789-F8DCD34E7D64}.Release|x86.ActiveCfg = Release|Win32
		{3E33BA07-3AAF-45A2-8789-F8DCD34E7D64}.Release|x86.Build.0 = Release|Win32
	EndGlobalSection
	GlobalSection(SolutionProperties) = preSolution
		HideSolutionNode = FALSE
	EndGlobalSection
	GlobalSection(ExtensibilityGlobals) = postSolution
		SolutionGuid = {1EADF3B3-AAF9-47D9-9DF6-296C6250C2DB}
	EndGlobalSection
EndGlobal
